// !$*UTF8*$!
{
	archiveVersion = 1;
	classes = {
	};
	objectVersion = 56;
	objects = {

/* Begin PBXBuildFile section */
		C03DBC842B772CCB006D0E19 /* Useless_FactsApp.swift in Sources */ = {isa = PBXBuildFile; fileRef = C03DBC832B772CCB006D0E19 /* Useless_FactsApp.swift */; };
		C03DBC862B772CCB006D0E19 /* ContentView.swift in Sources */ = {isa = PBXBuildFile; fileRef = C03DBC852B772CCB006D0E19 /* ContentView.swift */; };
		C03DBC882B772CCD006D0E19 /* Assets.xcassets in Resources */ = {isa = PBXBuildFile; fileRef = C03DBC872B772CCD006D0E19 /* Assets.xcassets */; };
		C03DBC8B2B772CCD006D0E19 /* Preview Assets.xcassets in Resources */ = {isa = PBXBuildFile; fileRef = C03DBC8A2B772CCD006D0E19 /* Preview Assets.xcassets */; };
		C03DBC952B772F65006D0E19 /* FactModel.swift in Sources */ = {isa = PBXBuildFile; fileRef = C03DBC942B772F65006D0E19 /* FactModel.swift */; };
		C03DBC972B772FC1006D0E19 /* FactViewModel.swift in Sources */ = {isa = PBXBuildFile; fileRef = C03DBC962B772FC1006D0E19 /* FactViewModel.swift */; };
		C03DBC992B7772E4006D0E19 /* DadJokeModel.swift in Sources */ = {isa = PBXBuildFile; fileRef = C03DBC982B7772E4006D0E19 /* DadJokeModel.swift */; };
		C03DBC9B2B7773A3006D0E19 /* DadJokeViewModel.swift in Sources */ = {isa = PBXBuildFile; fileRef = C03DBC9A2B7773A3006D0E19 /* DadJokeViewModel.swift */; };
/* End PBXBuildFile section */

/* Begin PBXFileReference section */
		C03DBC802B772CCB006D0E19 /* Useless Facts.app */ = {isa = PBXFileReference; explicitFileType = wrapper.application; includeInIndex = 0; path = "Useless Facts.app"; sourceTree = BUILT_PRODUCTS_DIR; };
		C03DBC832B772CCB006D0E19 /* Useless_FactsApp.swift */ = {isa = PBXFileReference; lastKnownFileType = sourcecode.swift; path = Useless_FactsApp.swift; sourceTree = "<group>"; };
		C03DBC852B772CCB006D0E19 /* ContentView.swift */ = {isa = PBXFileReference; lastKnownFileType = sourcecode.swift; path = ContentView.swift; sourceTree = "<group>"; };
		C03DBC872B772CCD006D0E19 /* Assets.xcassets */ = {isa = PBXFileReference; lastKnownFileType = folder.assetcatalog; path = Assets.xcassets; sourceTree = "<group>"; };
		C03DBC8A2B772CCD006D0E19 /* Preview Assets.xcassets */ = {isa = PBXFileReference; lastKnownFileType = folder.assetcatalog; path = "Preview Assets.xcassets"; sourceTree = "<group>"; };
		C03DBC942B772F65006D0E19 /* FactModel.swift */ = {isa = PBXFileReference; lastKnownFileType = sourcecode.swift; path = FactModel.swift; sourceTree = "<group>"; };
		C03DBC962B772FC1006D0E19 /* FactViewModel.swift */ = {isa = PBXFileReference; lastKnownFileType = sourcecode.swift; path = FactViewModel.swift; sourceTree = "<group>"; };
		C03DBC982B7772E4006D0E19 /* DadJokeModel.swift */ = {isa = PBXFileReference; lastKnownFileType = sourcecode.swift; path = DadJokeModel.swift; sourceTree = "<group>"; };
		C03DBC9A2B7773A3006D0E19 /* DadJokeViewModel.swift */ = {isa = PBXFileReference; lastKnownFileType = sourcecode.swift; path = DadJokeViewModel.swift; sourceTree = "<group>"; };
/* End PBXFileReference section */

/* Begin PBXFrameworksBuildPhase section */
		C03DBC7D2B772CCB006D0E19 /* Frameworks */ = {
			isa = PBXFrameworksBuildPhase;
			buildActionMask = 2147483647;
			files = (
			);
			runOnlyForDeploymentPostprocessing = 0;
		};
/* End PBXFrameworksBuildPhase section */

/* Begin PBXGroup section */
		C03DBC772B772CCB006D0E19 = {
			isa = PBXGroup;
			children = (
				C03DBC822B772CCB006D0E19 /* Useless Facts */,
				C03DBC812B772CCB006D0E19 /* Products */,
			);
			sourceTree = "<group>";
		};
		C03DBC812B772CCB006D0E19 /* Products */ = {
			isa = PBXGroup;
			children = (
				C03DBC802B772CCB006D0E19 /* Useless Facts.app */,
			);
			name = Products;
			sourceTree = "<group>";
		};
		C03DBC822B772CCB006D0E19 /* Useless Facts */ = {
			isa = PBXGroup;
			children = (
				C03DBC932B772D42006D0E19 /* Models */,
				C03DBC922B772D3B006D0E19 /* ViewModels */,
				C03DBC912B772D31006D0E19 /* Views */,
				C03DBC832B772CCB006D0E19 /* Useless_FactsApp.swift */,
				C03DBC872B772CCD006D0E19 /* Assets.xcassets */,
				C03DBC892B772CCD006D0E19 /* Preview Content */,
			);
			path = "Useless Facts";
			sourceTree = "<group>";
		};
		C03DBC892B772CCD006D0E19 /* Preview Content */ = {
			isa = PBXGroup;
			children = (
				C03DBC8A2B772CCD006D0E19 /* Preview Assets.xcassets */,
			);
			path = "Preview Content";
			sourceTree = "<group>";
		};
		C03DBC912B772D31006D0E19 /* Views */ = {
			isa = PBXGroup;
			children = (
				C03DBC852B772CCB006D0E19 /* ContentView.swift */,
			);
			path = Views;
			sourceTree = "<group>";
		};
		C03DBC922B772D3B006D0E19 /* ViewModels */ = {
			isa = PBXGroup;
			children = (
				C03DBC962B772FC1006D0E19 /* FactViewModel.swift */,
				C03DBC9A2B7773A3006D0E19 /* DadJokeViewModel.swift */,
			);
			path = ViewModels;
			sourceTree = "<group>";
		};
		C03DBC932B772D42006D0E19 /* Models */ = {
			isa = PBXGroup;
			children = (
				C03DBC942B772F65006D0E19 /* FactModel.swift */,
				C03DBC982B7772E4006D0E19 /* DadJokeModel.swift */,
			);
			path = Models;
			sourceTree = "<group>";
		};
/* End PBXGroup section */

/* Begin PBXNativeTarget section */
		C03DBC7F2B772CCB006D0E19 /* Useless Facts */ = {
			isa = PBXNativeTarget;
			buildConfigurationList = C03DBC8E2B772CCD006D0E19 /* Build configuration list for PBXNativeTarget "Useless Facts" */;
			buildPhases = (
				C03DBC7C2B772CCB006D0E19 /* Sources */,
				C03DBC7D2B772CCB006D0E19 /* Frameworks */,
				C03DBC7E2B772CCB006D0E19 /* Resources */,
			);
			buildRules = (
			);
			dependencies = (
			);
			name = "Useless Facts";
			productName = "Useless Facts";
			productReference = C03DBC802B772CCB006D0E19 /* Useless Facts.app */;
			productType = "com.apple.product-type.application";
		};
/* End PBXNativeTarget section */

/* Begin PBXProject section */
		C03DBC782B772CCB006D0E19 /* Project object */ = {
			isa = PBXProject;
			attributes = {
				BuildIndependentTargetsInParallel = 1;
				LastSwiftUpdateCheck = 1520;
				LastUpgradeCheck = 1520;
				TargetAttributes = {
					C03DBC7F2B772CCB006D0E19 = {
						CreatedOnToolsVersion = 15.2;
					};
				};
			};
			buildConfigurationList = C03DBC7B2B772CCB006D0E19 /* Build configuration list for PBXProject "Useless Facts" */;
			compatibilityVersion = "Xcode 14.0";
			developmentRegion = en;
			hasScannedForEncodings = 0;
			knownRegions = (
				en,
				Base,
			);
			mainGroup = C03DBC772B772CCB006D0E19;
			productRefGroup = C03DBC812B772CCB006D0E19 /* Products */;
			projectDirPath = "";
			projectRoot = "";
			targets = (
				C03DBC7F2B772CCB006D0E19 /* Useless Facts */,
			);
		};
/* End PBXProject section */

/* Begin PBXResourcesBuildPhase section */
		C03DBC7E2B772CCB006D0E19 /* Resources */ = {
			isa = PBXResourcesBuildPhase;
			buildActionMask = 2147483647;
			files = (
				C03DBC8B2B772CCD006D0E19 /* Preview Assets.xcassets in Resources */,
				C03DBC882B772CCD006D0E19 /* Assets.xcassets in Resources */,
			);
			runOnlyForDeploymentPostprocessing = 0;
		};
/* End PBXResourcesBuildPhase section */

/* Begin PBXSourcesBuildPhase section */
		C03DBC7C2B772CCB006D0E19 /* Sources */ = {
			isa = PBXSourcesBuildPhase;
			buildActionMask = 2147483647;
			files = (
				C03DBC972B772FC1006D0E19 /* FactViewModel.swift in Sources */,
				C03DBC952B772F65006D0E19 /* FactModel.swift in Sources */,
				C03DBC992B7772E4006D0E19 /* DadJokeModel.swift in Sources */,
				C03DBC862B772CCB006D0E19 /* ContentView.swift in Sources */,
				C03DBC842B772CCB006D0E19 /* Useless_FactsApp.swift in Sources */,
				C03DBC9B2B7773A3006D0E19 /* DadJokeViewModel.swift in Sources */,
			);
			runOnlyForDeploymentPostprocessing = 0;
		};
/* End PBXSourcesBuildPhase section */

/* Begin XCBuildConfiguration section */
		C03DBC8C2B772CCD006D0E19 /* Debug */ = {
			isa = XCBuildConfiguration;
			buildSettings = {
				ALWAYS_SEARCH_USER_PATHS = NO;
				ASSETCATALOG_COMPILER_GENERATE_SWIFT_ASSET_SYMBOL_EXTENSIONS = YES;
				CLANG_ANALYZER_NONNULL = YES;
				CLANG_ANALYZER_NUMBER_OBJECT_CONVERSION = YES_AGGRESSIVE;
				CLANG_CXX_LANGUAGE_STANDARD = "gnu++20";
				CLANG_ENABLE_MODULES = YES;
				CLANG_ENABLE_OBJC_ARC = YES;
				CLANG_ENABLE_OBJC_WEAK = YES;
				CLANG_WARN_BLOCK_CAPTURE_AUTORELEASING = YES;
				CLANG_WARN_BOOL_CONVERSION = YES;
				CLANG_WARN_COMMA = YES;
				CLANG_WARN_CONSTANT_CONVERSION = YES;
				CLANG_WARN_DEPRECATED_OBJC_IMPLEMENTATIONS = YES;
				CLANG_WARN_DIRECT_OBJC_ISA_USAGE = YES_ERROR;
				CLANG_WARN_DOCUMENTATION_COMMENTS = YES;
				CLANG_WARN_EMPTY_BODY = YES;
				CLANG_WARN_ENUM_CONVERSION = YES;
				CLANG_WARN_INFINITE_RECURSION = YES;
				CLANG_WARN_INT_CONVERSION = YES;
				CLANG_WARN_NON_LITERAL_NULL_CONVERSION = YES;
				CLANG_WARN_OBJC_IMPLICIT_RETAIN_SELF = YES;
				CLANG_WARN_OBJC_LITERAL_CONVERSION = YES;
				CLANG_WARN_OBJC_ROOT_CLASS = YES_ERROR;
				CLANG_WARN_QUOTED_INCLUDE_IN_FRAMEWORK_HEADER = YES;
				CLANG_WARN_RANGE_LOOP_ANALYSIS = YES;
				CLANG_WARN_STRICT_PROTOTYPES = YES;
				CLANG_WARN_SUSPICIOUS_MOVE = YES;
				CLANG_WARN_UNGUARDED_AVAILABILITY = YES_AGGRESSIVE;
				CLANG_WARN_UNREACHABLE_CODE = YES;
				CLANG_WARN__DUPLICATE_METHOD_MATCH = YES;
				COPY_PHASE_STRIP = NO;
				DEBUG_INFORMATION_FORMAT = dwarf;
				ENABLE_STRICT_OBJC_MSGSEND = YES;
				ENABLE_TESTABILITY = YES;
				ENABLE_USER_SCRIPT_SANDBOXING = YES;
				GCC_C_LANGUAGE_STANDARD = gnu17;
				GCC_DYNAMIC_NO_PIC = NO;
				GCC_NO_COMMON_BLOCKS = YES;
				GCC_OPTIMIZATION_LEVEL = 0;
				GCC_PREPROCESSOR_DEFINITIONS = (
					"DEBUG=1",
					"$(inherited)",
				);
				GCC_WARN_64_TO_32_BIT_CONVERSION = YES;
				GCC_WARN_ABOUT_RETURN_TYPE = YES_ERROR;
				GCC_WARN_UNDECLARED_SELECTOR = YES;
				GCC_WARN_UNINITIALIZED_AUTOS = YES_AGGRESSIVE;
				GCC_WARN_UNUSED_FUNCTION = YES;
				GCC_WARN_UNUSED_VARIABLE = YES;
				IPHONEOS_DEPLOYMENT_TARGET = 17.2;
				LOCALIZATION_PREFERS_STRING_CATALOGS = YES;
				MTL_ENABLE_DEBUG_INFO = INCLUDE_SOURCE;
				MTL_FAST_MATH = YES;
				ONLY_ACTIVE_ARCH = YES;
				SDKROOT = iphoneos;
				SWIFT_ACTIVE_COMPILATION_CONDITIONS = "DEBUG $(inherited)";
				SWIFT_OPTIMIZATION_LEVEL = "-Onone";
			};
			name = Debug;
		};
		C03DBC8D2B772CCD006D0E19 /* Release */ = {
			isa = XCBuildConfiguration;
			buildSettings = {
				ALWAYS_SEARCH_USER_PATHS = NO;
				ASSETCATALOG_COMPILER_GENERATE_SWIFT_ASSET_SYMBOL_EXTENSIONS = YES;
				CLANG_ANALYZER_NONNULL = YES;
				CLANG_ANALYZER_NUMBER_OBJECT_CONVERSION = YES_AGGRESSIVE;
				CLANG_CXX_LANGUAGE_STANDARD = "gnu++20";
				CLANG_ENABLE_MODULES = YES;
				CLANG_ENABLE_OBJC_ARC = YES;
				CLANG_ENABLE_OBJC_WEAK = YES;
				CLANG_WARN_BLOCK_CAPTURE_AUTORELEASING = YES;
				CLANG_WARN_BOOL_CONVERSION = YES;
				CLANG_WARN_COMMA = YES;
				CLANG_WARN_CONSTANT_CONVERSION = YES;
				CLANG_WARN_DEPRECATED_OBJC_IMPLEMENTATIONS = YES;
				CLANG_WARN_DIRECT_OBJC_ISA_USAGE = YES_ERROR;
				CLANG_WARN_DOCUMENTATION_COMMENTS = YES;
				CLANG_WARN_EMPTY_BODY = YES;
				CLANG_WARN_ENUM_CONVERSION = YES;
				CLANG_WARN_INFINITE_RECURSION = YES;
				CLANG_WARN_INT_CONVERSION = YES;
				CLANG_WARN_NON_LITERAL_NULL_CONVERSION = YES;
				CLANG_WARN_OBJC_IMPLICIT_RETAIN_SELF = YES;
				CLANG_WARN_OBJC_LITERAL_CONVERSION = YES;
				CLANG_WARN_OBJC_ROOT_CLASS = YES_ERROR;
				CLANG_WARN_QUOTED_INCLUDE_IN_FRAMEWORK_HEADER = YES;
				CLANG_WARN_RANGE_LOOP_ANALYSIS = YES;
				CLANG_WARN_STRICT_PROTOTYPES = YES;
				CLANG_WARN_SUSPICIOUS_MOVE = YES;
				CLANG_WARN_UNGUARDED_AVAILABILITY = YES_AGGRESSIVE;
				CLANG_WARN_UNREACHABLE_CODE = YES;
				CLANG_WARN__DUPLICATE_METHOD_MATCH = YES;
				COPY_PHASE_STRIP = NO;
				DEBUG_INFORMATION_FORMAT = "dwarf-with-dsym";
				ENABLE_NS_ASSERTIONS = NO;
				ENABLE_STRICT_OBJC_MSGSEND = YES;
				ENABLE_USER_SCRIPT_SANDBOXING = YES;
				GCC_C_LANGUAGE_STANDARD = gnu17;
				GCC_NO_COMMON_BLOCKS = YES;
				GCC_WARN_64_TO_32_BIT_CONVERSION = YES;
				GCC_WARN_ABOUT_RETURN_TYPE = YES_ERROR;
				GCC_WARN_UNDECLARED_SELECTOR = YES;
				GCC_WARN_UNINITIALIZED_AUTOS = YES_AGGRESSIVE;
				GCC_WARN_UNUSED_FUNCTION = YES;
				GCC_WARN_UNUSED_VARIABLE = YES;
				IPHONEOS_DEPLOYMENT_TARGET = 17.2;
				LOCALIZATION_PREFERS_STRING_CATALOGS = YES;
				MTL_ENABLE_DEBUG_INFO = NO;
				MTL_FAST_MATH = YES;
				SDKROOT = iphoneos;
				SWIFT_COMPILATION_MODE = wholemodule;
				VALIDATE_PRODUCT = YES;
			};
			name = Release;
		};
		C03DBC8F2B772CCD006D0E19 /* Debug */ = {
			isa = XCBuildConfiguration;
			buildSettings = {
				ASSETCATALOG_COMPILER_APPICON_NAME = AppIcon;
				ASSETCATALOG_COMPILER_GLOBAL_ACCENT_COLOR_NAME = AccentColor;
				CODE_SIGN_STYLE = Automatic;
				CURRENT_PROJECT_VERSION = 1;
				DEVELOPMENT_ASSET_PATHS = "\"Useless Facts/Preview Content\"";
				DEVELOPMENT_TEAM = UA6QK2UR33;
				ENABLE_PREVIEWS = YES;
				GENERATE_INFOPLIST_FILE = YES;
				INFOPLIST_KEY_CFBundleDisplayName = Puns;
				INFOPLIST_KEY_UIApplicationSceneManifest_Generation = YES;
				INFOPLIST_KEY_UIApplicationSupportsIndirectInputEvents = YES;
				INFOPLIST_KEY_UILaunchScreen_Generation = YES;
				INFOPLIST_KEY_UISupportedInterfaceOrientations_iPad = "UIInterfaceOrientationPortrait UIInterfaceOrientationPortraitUpsideDown UIInterfaceOrientationLandscapeLeft UIInterfaceOrientationLandscapeRight";
				INFOPLIST_KEY_UISupportedInterfaceOrientations_iPhone = "UIInterfaceOrientationPortrait UIInterfaceOrientationLandscapeLeft UIInterfaceOrientationLandscapeRight";
				LD_RUNPATH_SEARCH_PATHS = (
					"$(inherited)",
					"@executable_path/Frameworks",
				);
				MARKETING_VERSION = 1.0;
				PRODUCT_BUNDLE_IDENTIFIER = "com.samhoag.Useless-Facts";
				PRODUCT_NAME = "$(TARGET_NAME)";
				SWIFT_EMIT_LOC_STRINGS = YES;
				SWIFT_VERSION = 5.0;
				TARGETED_DEVICE_FAMILY = "1,2";
			};
			name = Debug;
		};
		C03DBC902B772CCD006D0E19 /* Release */ = {
			isa = XCBuildConfiguration;
			buildSettings = {
				ASSETCATALOG_COMPILER_APPICON_NAME = AppIcon;
				ASSETCATALOG_COMPILER_GLOBAL_ACCENT_COLOR_NAME = AccentColor;
				CODE_SIGN_STYLE = Automatic;
				CURRENT_PROJECT_VERSION = 1;
				DEVELOPMENT_ASSET_PATHS = "\"Useless Facts/Preview Content\"";
				DEVELOPMENT_TEAM = UA6QK2UR33;
				ENABLE_PREVIEWS = YES;
				GENERATE_INFOPLIST_FILE = YES;
				INFOPLIST_KEY_CFBundleDisplayName = Puns;
				INFOPLIST_KEY_UIApplicationSceneManifest_Generation = YES;
				INFOPLIST_KEY_UIApplicationSupportsIndirectInputEvents = YES;
				INFOPLIST_KEY_UILaunchScreen_Generation = YES;
				INFOPLIST_KEY_UISupportedInterfaceOrientations_iPad = "UIInterfaceOrientationPortrait UIInterfaceOrientationPortraitUpsideDown UIInterfaceOrientationLandscapeLeft UIInterfaceOrientationLandscapeRight";
				INFOPLIST_KEY_UISupportedInterfaceOrientations_iPhone = "UIInterfaceOrientationPortrait UIInterfaceOrientationLandscapeLeft UIInterfaceOrientationLandscapeRight";
				LD_RUNPATH_SEARCH_PATHS = (
					"$(inherited)",
					"@executable_path/Frameworks",
				);
				MARKETING_VERSION = 1.0;
				PRODUCT_BUNDLE_IDENTIFIER = "com.samhoag.Useless-Facts";
				PRODUCT_NAME = "$(TARGET_NAME)";
				SWIFT_EMIT_LOC_STRINGS = YES;
				SWIFT_VERSION = 5.0;
				TARGETED_DEVICE_FAMILY = "1,2";
			};
			name = Release;
		};
/* End XCBuildConfiguration section */

/* Begin XCConfigurationList section */
		C03DBC7B2B772CCB006D0E19 /* Build configuration list for PBXProject "Useless Facts" */ = {
			isa = XCConfigurationList;
			buildConfigurations = (
				C03DBC8C2B772CCD006D0E19 /* Debug */,
				C03DBC8D2B772CCD006D0E19 /* Release */,
			);
			defaultConfigurationIsVisible = 0;
			defaultConfigurationName = Release;
		};
		C03DBC8E2B772CCD006D0E19 /* Build configuration list for PBXNativeTarget "Useless Facts" */ = {
			isa = XCConfigurationList;
			buildConfigurations = (
				C03DBC8F2B772CCD006D0E19 /* Debug */,
				C03DBC902B772CCD006D0E19 /* Release */,
			);
			defaultConfigurationIsVisible = 0;
			defaultConfigurationName = Release;
		};
/* End XCConfigurationList section */
	};
	rootObject = C03DBC782B772CCB006D0E19 /* Project object */;
}
